
Microsoft Visual Studio Solution File, Format Version 12.00
# Visual Studio Version 17
VisualStudioVersion = 17.9.34723.18
MinimumVisualStudioVersion = 10.0.40219.1
Project("{9A19103F-16F7-4668-BE54-9A1E7A4F7556}") = "WiredBrainCoffee.CustomersApp", "WiredBrainCoffee.CustomersApp.csproj", "{3EB2BBE6-D736-45E3-9972-C804C530EBEA}"
EndProject
Project("{2150E333-8FDC-42A3-9474-1A3956D46DE8}") = "Solution Items", "Solution Items", "{C2F4B569-C1AF-4AC0-8E36-860DE94DF831}"
	ProjectSection(SolutionItems) = preProject
		readme.md = readme.md
	EndProjectSection
EndProject
Global
	GlobalSection(SolutionConfigurationPlatforms) = preSolution
		Debug|Any CPU = Debug|Any CPU
		Release|Any CPU = Release|Any CPU
	EndGlobalSection
	GlobalSection(ProjectConfigurationPlatforms) = postSolution
		{3EB2BBE6-D736-45E3-9972-C804C530EBEA}.Debug|Any CPU.ActiveCfg = Debug|Any CPU
		{3EB2BBE6-D736-45E3-9972-C804C530EBEA}.Debug|Any CPU.Build.0 = Debug|Any CPU
		{3EB2BBE6-D736-45E3-9972-C804C530EBEA}.Release|Any CPU.ActiveCfg = Release|Any CPU
		{3EB2BBE6-D736-45E3-9972-C804C530EBEA}.Release|Any CPU.Build.0 = Release|Any CPU
	EndGlobalSection
	GlobalSection(SolutionProperties) = preSolution
		HideSolutionNode = FALSE
	EndGlobalSection
	GlobalSection(ExtensibilityGlobals) = postSolution
		SolutionGuid = {1941A02B-5EFA-4CF0-93D6-73EBD1DE3CF3}
	EndGlobalSection
EndGlobal
